// !$*UTF8*$!
{
	archiveVersion = 1;
	classes = {
	};
	objectVersion = 51;
	objects = {

/* Begin PBXBuildFile section */
		172EF669871BF11C4DA18098 /* Pods_WebRTC_Player.framework in Frameworks */ = {isa = PBXBuildFile; fileRef = E9E8AD4D929D873B7469B80D /* Pods_WebRTC_Player.framework */; };
		A602726723966B6F009D6D49 /* ApplicationDelegate.m in Sources */ = {isa = PBXBuildFile; fileRef = A602726623966B6F009D6D49 /* ApplicationDelegate.m */; };
		A602726923966B71009D6D49 /* Assets.xcassets in Resources */ = {isa = PBXBuildFile; fileRef = A602726823966B71009D6D49 /* Assets.xcassets */; };
		A602726C23966B71009D6D49 /* MainMenu.xib in Resources */ = {isa = PBXBuildFile; fileRef = A602726A23966B71009D6D49 /* MainMenu.xib */; };
		A602726F23966B71009D6D49 /* main.m in Sources */ = {isa = PBXBuildFile; fileRef = A602726E23966B71009D6D49 /* main.m */; };
		A602727823966BA7009D6D49 /* WebRTC.framework in Frameworks */ = {isa = PBXBuildFile; fileRef = A602727723966BA7009D6D49 /* WebRTC.framework */; };
		A602727A23966C48009D6D49 /* PlaybackView.xib in Resources */ = {isa = PBXBuildFile; fileRef = A602727923966C48009D6D49 /* PlaybackView.xib */; };
		A602727C23966E71009D6D49 /* PlaybackView.m in Sources */ = {isa = PBXBuildFile; fileRef = A602727B23966E71009D6D49 /* PlaybackView.m */; };
		A6027284239692FA009D6D49 /* SignallingPluginFactory.m in Sources */ = {isa = PBXBuildFile; fileRef = A6027283239692FA009D6D49 /* SignallingPluginFactory.m */; };
		A6027288239695CB009D6D49 /* OvenMediaEngineSignallingPlugin.m in Sources */ = {isa = PBXBuildFile; fileRef = A6027287239695CB009D6D49 /* OvenMediaEngineSignallingPlugin.m */; };
		A602728B2396B056009D6D49 /* LogTextView.mm in Sources */ = {isa = PBXBuildFile; fileRef = A602728A2396B056009D6D49 /* LogTextView.mm */; };
		A602728E2397A00A009D6D49 /* PlaybackViewController.m in Sources */ = {isa = PBXBuildFile; fileRef = A602728D2397A00A009D6D49 /* PlaybackViewController.m */; };
		A6D03D782397ACB0008B2BC7 /* LogTextViewLogger.m in Sources */ = {isa = PBXBuildFile; fileRef = A6D03D772397ACB0008B2BC7 /* LogTextViewLogger.m */; };
/* End PBXBuildFile section */

/* Begin PBXFileReference section */
		288F209C535B93C8C7750506 /* Pods-WebRTC Player.release.xcconfig */ = {isa = PBXFileReference; includeInIndex = 1; lastKnownFileType = text.xcconfig; name = "Pods-WebRTC Player.release.xcconfig"; path = "Target Support Files/Pods-WebRTC Player/Pods-WebRTC Player.release.xcconfig"; sourceTree = "<group>"; };
		3DF666BF14686A51C4310881 /* Pods-WebRTC Player.debug.xcconfig */ = {isa = PBXFileReference; includeInIndex = 1; lastKnownFileType = text.xcconfig; name = "Pods-WebRTC Player.debug.xcconfig"; path = "Target Support Files/Pods-WebRTC Player/Pods-WebRTC Player.debug.xcconfig"; sourceTree = "<group>"; };
		A602726223966B6F009D6D49 /* WebRTC Player.app */ = {isa = PBXFileReference; explicitFileType = wrapper.application; includeInIndex = 0; path = "WebRTC Player.app"; sourceTree = BUILT_PRODUCTS_DIR; };
		A602726523966B6F009D6D49 /* ApplicationDelegate.h */ = {isa = PBXFileReference; lastKnownFileType = sourcecode.c.h; path = ApplicationDelegate.h; sourceTree = "<group>"; };
		A602726623966B6F009D6D49 /* ApplicationDelegate.m */ = {isa = PBXFileReference; lastKnownFileType = sourcecode.c.objc; path = ApplicationDelegate.m; sourceTree = "<group>"; };
		A602726823966B71009D6D49 /* Assets.xcassets */ = {isa = PBXFileReference; lastKnownFileType = folder.assetcatalog; path = Assets.xcassets; sourceTree = "<group>"; };
		A602726B23966B71009D6D49 /* Base */ = {isa = PBXFileReference; lastKnownFileType = file.xib; name = Base; path = Base.lproj/MainMenu.xib; sourceTree = "<group>"; };
		A602726D23966B71009D6D49 /* Info.plist */ = {isa = PBXFileReference; lastKnownFileType = text.plist.xml; path = Info.plist; sourceTree = "<group>"; };
		A602726E23966B71009D6D49 /* main.m */ = {isa = PBXFileReference; lastKnownFileType = sourcecode.c.objc; path = main.m; sourceTree = "<group>"; };
		A602727023966B71009D6D49 /* WebRTC_Player.entitlements */ = {isa = PBXFileReference; lastKnownFileType = text.plist.entitlements; path = WebRTC_Player.entitlements; sourceTree = "<group>"; };
		A602727723966BA7009D6D49 /* WebRTC.framework */ = {isa = PBXFileReference; lastKnownFileType = wrapper.framework; name = WebRTC.framework; path = "../../Git/webrtc-checkout/src/out/Debug/WebRTC.framework"; sourceTree = "<group>"; };
		A602727923966C48009D6D49 /* PlaybackView.xib */ = {isa = PBXFileReference; lastKnownFileType = file.xib; path = PlaybackView.xib; sourceTree = "<group>"; };
		A602727B23966E71009D6D49 /* PlaybackView.m */ = {isa = PBXFileReference; lastKnownFileType = sourcecode.c.objc; path = PlaybackView.m; sourceTree = "<group>"; };
		A602727D23966E7F009D6D49 /* PlaybackView.h */ = {isa = PBXFileReference; lastKnownFileType = sourcecode.c.h; path = PlaybackView.h; sourceTree = "<group>"; };
		A602728123969232009D6D49 /* SignallingPlugin.h */ = {isa = PBXFileReference; lastKnownFileType = sourcecode.c.h; path = SignallingPlugin.h; sourceTree = "<group>"; };
		A6027282239692FA009D6D49 /* SignallingPluginFactory.h */ = {isa = PBXFileReference; lastKnownFileType = sourcecode.c.h; path = SignallingPluginFactory.h; sourceTree = "<group>"; };
		A6027283239692FA009D6D49 /* SignallingPluginFactory.m */ = {isa = PBXFileReference; lastKnownFileType = sourcecode.c.objc; path = SignallingPluginFactory.m; sourceTree = "<group>"; };
		A6027286239695CB009D6D49 /* OvenMediaEngineSignallingPlugin.h */ = {isa = PBXFileReference; lastKnownFileType = sourcecode.c.h; path = OvenMediaEngineSignallingPlugin.h; sourceTree = "<group>"; };
		A6027287239695CB009D6D49 /* OvenMediaEngineSignallingPlugin.m */ = {isa = PBXFileReference; lastKnownFileType = sourcecode.c.objc; path = OvenMediaEngineSignallingPlugin.m; sourceTree = "<group>"; };
		A60272892396B056009D6D49 /* LogTextView.h */ = {isa = PBXFileReference; lastKnownFileType = sourcecode.c.h; path = LogTextView.h; sourceTree = "<group>"; };
		A602728A2396B056009D6D49 /* LogTextView.mm */ = {isa = PBXFileReference; lastKnownFileType = sourcecode.cpp.objcpp; path = LogTextView.mm; sourceTree = "<group>"; };
		A602728C2397A00A009D6D49 /* PlaybackViewController.h */ = {isa = PBXFileReference; lastKnownFileType = sourcecode.c.h; path = PlaybackViewController.h; sourceTree = "<group>"; };
		A602728D2397A00A009D6D49 /* PlaybackViewController.m */ = {isa = PBXFileReference; lastKnownFileType = sourcecode.c.objc; path = PlaybackViewController.m; sourceTree = "<group>"; };
		A6D03D762397ACB0008B2BC7 /* LogTextViewLogger.h */ = {isa = PBXFileReference; lastKnownFileType = sourcecode.c.h; path = LogTextViewLogger.h; sourceTree = "<group>"; };
		A6D03D772397ACB0008B2BC7 /* LogTextViewLogger.m */ = {isa = PBXFileReference; lastKnownFileType = sourcecode.c.objc; path = LogTextViewLogger.m; sourceTree = "<group>"; };
		A6D03D792397B352008B2BC7 /* Log.h */ = {isa = PBXFileReference; lastKnownFileType = sourcecode.c.h; path = Log.h; sourceTree = "<group>"; };
		E9E8AD4D929D873B7469B80D /* Pods_WebRTC_Player.framework */ = {isa = PBXFileReference; explicitFileType = wrapper.framework; includeInIndex = 0; path = Pods_WebRTC_Player.framework; sourceTree = BUILT_PRODUCTS_DIR; };
/* End PBXFileReference section */

/* Begin PBXFrameworksBuildPhase section */
		A602725F23966B6F009D6D49 /* Frameworks */ = {
			isa = PBXFrameworksBuildPhase;
			buildActionMask = 2147483647;
			files = (
				A602727823966BA7009D6D49 /* WebRTC.framework in Frameworks */,
				172EF669871BF11C4DA18098 /* Pods_WebRTC_Player.framework in Frameworks */,
			);
			runOnlyForDeploymentPostprocessing = 0;
		};
/* End PBXFrameworksBuildPhase section */

/* Begin PBXGroup section */
		A602725923966B6F009D6D49 = {
			isa = PBXGroup;
			children = (
				A602726423966B6F009D6D49 /* WebRTC Player */,
				A602726323966B6F009D6D49 /* Products */,
				A602727623966BA7009D6D49 /* Frameworks */,
				CEE469BE48C32EE8E37F51B1 /* Pods */,
			);
			sourceTree = "<group>";
		};
		A602726323966B6F009D6D49 /* Products */ = {
			isa = PBXGroup;
			children = (
				A602726223966B6F009D6D49 /* WebRTC Player.app */,
			);
			name = Products;
			sourceTree = "<group>";
		};
		A602726423966B6F009D6D49 /* WebRTC Player */ = {
			isa = PBXGroup;
			children = (
				A602728F2397A424009D6D49 /* UI */,
				A602728523969305009D6D49 /* Signalling */,
				A602726523966B6F009D6D49 /* ApplicationDelegate.h */,
				A602726623966B6F009D6D49 /* ApplicationDelegate.m */,
				A602726823966B71009D6D49 /* Assets.xcassets */,
				A602726D23966B71009D6D49 /* Info.plist */,
				A602726E23966B71009D6D49 /* main.m */,
				A602727023966B71009D6D49 /* WebRTC_Player.entitlements */,
				A6D03D762397ACB0008B2BC7 /* LogTextViewLogger.h */,
				A6D03D772397ACB0008B2BC7 /* LogTextViewLogger.m */,
				A6D03D792397B352008B2BC7 /* Log.h */,
			);
			path = "WebRTC Player";
			sourceTree = "<group>";
		};
		A602727623966BA7009D6D49 /* Frameworks */ = {
			isa = PBXGroup;
			children = (
				A602727723966BA7009D6D49 /* WebRTC.framework */,
				E9E8AD4D929D873B7469B80D /* Pods_WebRTC_Player.framework */,
			);
			name = Frameworks;
			sourceTree = "<group>";
		};
		A602728523969305009D6D49 /* Signalling */ = {
			isa = PBXGroup;
			children = (
				A602728123969232009D6D49 /* SignallingPlugin.h */,
				A6027282239692FA009D6D49 /* SignallingPluginFactory.h */,
				A6027283239692FA009D6D49 /* SignallingPluginFactory.m */,
				A6027286239695CB009D6D49 /* OvenMediaEngineSignallingPlugin.h */,
				A6027287239695CB009D6D49 /* OvenMediaEngineSignallingPlugin.m */,
			);
			name = Signalling;
			sourceTree = "<group>";
		};
		A602728F2397A424009D6D49 /* UI */ = {
			isa = PBXGroup;
			children = (
				A602726A23966B71009D6D49 /* MainMenu.xib */,
				A602727923966C48009D6D49 /* PlaybackView.xib */,
				A602727B23966E71009D6D49 /* PlaybackView.m */,
				A602727D23966E7F009D6D49 /* PlaybackView.h */,
				A60272892396B056009D6D49 /* LogTextView.h */,
				A602728A2396B056009D6D49 /* LogTextView.mm */,
				A602728C2397A00A009D6D49 /* PlaybackViewController.h */,
				A602728D2397A00A009D6D49 /* PlaybackViewController.m */,
			);
			path = UI;
			sourceTree = "<group>";
		};
		CEE469BE48C32EE8E37F51B1 /* Pods */ = {
			isa = PBXGroup;
			children = (
				3DF666BF14686A51C4310881 /* Pods-WebRTC Player.debug.xcconfig */,
				288F209C535B93C8C7750506 /* Pods-WebRTC Player.release.xcconfig */,
			);
			path = Pods;
			sourceTree = "<group>";
		};
/* End PBXGroup section */

/* Begin PBXNativeTarget section */
		A602726123966B6F009D6D49 /* WebRTC Player */ = {
			isa = PBXNativeTarget;
			buildConfigurationList = A602727323966B71009D6D49 /* Build configuration list for PBXNativeTarget "WebRTC Player" */;
			buildPhases = (
				3B426A867FE6BD991A4CD3FD /* [CP] Check Pods Manifest.lock */,
				A602725E23966B6F009D6D49 /* Sources */,
				A602725F23966B6F009D6D49 /* Frameworks */,
				A602726023966B6F009D6D49 /* Resources */,
				C987C5B2605AE6FE9D9555DC /* [CP] Embed Pods Frameworks */,
			);
			buildRules = (
			);
			dependencies = (
			);
			name = "WebRTC Player";
			productName = "WebRTC Player";
			productReference = A602726223966B6F009D6D49 /* WebRTC Player.app */;
			productType = "com.apple.product-type.application";
		};
/* End PBXNativeTarget section */

/* Begin PBXProject section */
		A602725A23966B6F009D6D49 /* Project object */ = {
			isa = PBXProject;
			attributes = {
				LastUpgradeCheck = 1120;
				ORGANIZATIONNAME = "Rudolfs Bundulis";
				TargetAttributes = {
					A602726123966B6F009D6D49 = {
						CreatedOnToolsVersion = 11.2.1;
					};
				};
			};
			buildConfigurationList = A602725D23966B6F009D6D49 /* Build configuration list for PBXProject "WebRTC Player" */;
			compatibilityVersion = "Xcode 9.3";
			developmentRegion = en;
			hasScannedForEncodings = 0;
			knownRegions = (
				en,
				Base,
			);
			mainGroup = A602725923966B6F009D6D49;
			productRefGroup = A602726323966B6F009D6D49 /* Products */;
			projectDirPath = "";
			projectRoot = "";
			targets = (
				A602726123966B6F009D6D49 /* WebRTC Player */,
			);
		};
/* End PBXProject section */

/* Begin PBXResourcesBuildPhase section */
		A602726023966B6F009D6D49 /* Resources */ = {
			isa = PBXResourcesBuildPhase;
			buildActionMask = 2147483647;
			files = (
				A602727A23966C48009D6D49 /* PlaybackView.xib in Resources */,
				A602726923966B71009D6D49 /* Assets.xcassets in Resources */,
				A602726C23966B71009D6D49 /* MainMenu.xib in Resources */,
			);
			runOnlyForDeploymentPostprocessing = 0;
		};
/* End PBXResourcesBuildPhase section */

/* Begin PBXShellScriptBuildPhase section */
		3B426A867FE6BD991A4CD3FD /* [CP] Check Pods Manifest.lock */ = {
			isa = PBXShellScriptBuildPhase;
			buildActionMask = 2147483647;
			files = (
			);
			inputFileListPaths = (
			);
			inputPaths = (
				"${PODS_PODFILE_DIR_PATH}/Podfile.lock",
				"${PODS_ROOT}/Manifest.lock",
			);
			name = "[CP] Check Pods Manifest.lock";
			outputFileListPaths = (
			);
			outputPaths = (
				"$(DERIVED_FILE_DIR)/Pods-WebRTC Player-checkManifestLockResult.txt",
			);
			runOnlyForDeploymentPostprocessing = 0;
			shellPath = /bin/sh;
			shellScript = "diff \"${PODS_PODFILE_DIR_PATH}/Podfile.lock\" \"${PODS_ROOT}/Manifest.lock\" > /dev/null\nif [ $? != 0 ] ; then\n    # print error to STDERR\n    echo \"error: The sandbox is not in sync with the Podfile.lock. Run 'pod install' or update your CocoaPods installation.\" >&2\n    exit 1\nfi\n# This output is used by Xcode 'outputs' to avoid re-running this script phase.\necho \"SUCCESS\" > \"${SCRIPT_OUTPUT_FILE_0}\"\n";
			showEnvVarsInLog = 0;
		};
		C987C5B2605AE6FE9D9555DC /* [CP] Embed Pods Frameworks */ = {
			isa = PBXShellScriptBuildPhase;
			buildActionMask = 2147483647;
			files = (
			);
			inputFileListPaths = (
				"${PODS_ROOT}/Target Support Files/Pods-WebRTC Player/Pods-WebRTC Player-frameworks-${CONFIGURATION}-input-files.xcfilelist",
			);
			name = "[CP] Embed Pods Frameworks";
			outputFileListPaths = (
				"${PODS_ROOT}/Target Support Files/Pods-WebRTC Player/Pods-WebRTC Player-frameworks-${CONFIGURATION}-output-files.xcfilelist",
			);
			runOnlyForDeploymentPostprocessing = 0;
			shellPath = /bin/sh;
			shellScript = "\"${PODS_ROOT}/Target Support Files/Pods-WebRTC Player/Pods-WebRTC Player-frameworks.sh\"\n";
			showEnvVarsInLog = 0;
		};
/* End PBXShellScriptBuildPhase section */

/* Begin PBXSourcesBuildPhase section */
		A602725E23966B6F009D6D49 /* Sources */ = {
			isa = PBXSourcesBuildPhase;
			buildActionMask = 2147483647;
			files = (
				A6D03D782397ACB0008B2BC7 /* LogTextViewLogger.m in Sources */,
				A602727C23966E71009D6D49 /* PlaybackView.m in Sources */,
				A6027288239695CB009D6D49 /* OvenMediaEngineSignallingPlugin.m in Sources */,
				A602728E2397A00A009D6D49 /* PlaybackViewController.m in Sources */,
				A602728B2396B056009D6D49 /* LogTextView.mm in Sources */,
				A602726F23966B71009D6D49 /* main.m in Sources */,
				A602726723966B6F009D6D49 /* ApplicationDelegate.m in Sources */,
				A6027284239692FA009D6D49 /* SignallingPluginFactory.m in Sources */,
			);
			runOnlyForDeploymentPostprocessing = 0;
		};
/* End PBXSourcesBuildPhase section */

/* Begin PBXVariantGroup section */
		A602726A23966B71009D6D49 /* MainMenu.xib */ = {
			isa = PBXVariantGroup;
			children = (
				A602726B23966B71009D6D49 /* Base */,
			);
			name = MainMenu.xib;
			sourceTree = "<group>";
		};
/* End PBXVariantGroup section */

/* Begin XCBuildConfiguration section */
		A602727123966B71009D6D49 /* Debug */ = {
			isa = XCBuildConfiguration;
			buildSettings = {
				ALWAYS_SEARCH_USER_PATHS = NO;
				CLANG_ANALYZER_NONNULL = YES;
				CLANG_ANALYZER_NUMBER_OBJECT_CONVERSION = YES_AGGRESSIVE;
				CLANG_CXX_LANGUAGE_STANDARD = "gnu++14";
				CLANG_CXX_LIBRARY = "libc++";
				CLANG_ENABLE_MODULES = YES;
				CLANG_ENABLE_OBJC_ARC = YES;
				CLANG_ENABLE_OBJC_WEAK = YES;
				CLANG_WARN_BLOCK_CAPTURE_AUTORELEASING = YES;
				CLANG_WARN_BOOL_CONVERSION = YES;
				CLANG_WARN_COMMA = YES;
				CLANG_WARN_CONSTANT_CONVERSION = YES;
				CLANG_WARN_DEPRECATED_OBJC_IMPLEMENTATIONS = YES;
				CLANG_WARN_DIRECT_OBJC_ISA_USAGE = YES_ERROR;
				CLANG_WARN_DOCUMENTATION_COMMENTS = YES;
				CLANG_WARN_EMPTY_BODY = YES;
				CLANG_WARN_ENUM_CONVERSION = YES;
				CLANG_WARN_INFINITE_RECURSION = YES;
				CLANG_WARN_INT_CONVERSION = YES;
				CLANG_WARN_NON_LITERAL_NULL_CONVERSION = YES;
				CLANG_WARN_OBJC_IMPLICIT_RETAIN_SELF = YES;
				CLANG_WARN_OBJC_LITERAL_CONVERSION = YES;
				CLANG_WARN_OBJC_ROOT_CLASS = YES_ERROR;
				CLANG_WARN_RANGE_LOOP_ANALYSIS = YES;
				CLANG_WARN_STRICT_PROTOTYPES = YES;
				CLANG_WARN_SUSPICIOUS_MOVE = YES;
				CLANG_WARN_UNGUARDED_AVAILABILITY = YES_AGGRESSIVE;
				CLANG_WARN_UNREACHABLE_CODE = YES;
				CLANG_WARN__DUPLICATE_METHOD_MATCH = YES;
				COPY_PHASE_STRIP = NO;
				DEBUG_INFORMATION_FORMAT = dwarf;
				ENABLE_STRICT_OBJC_MSGSEND = YES;
				ENABLE_TESTABILITY = YES;
				GCC_C_LANGUAGE_STANDARD = gnu11;
				GCC_DYNAMIC_NO_PIC = NO;
				GCC_NO_COMMON_BLOCKS = YES;
				GCC_OPTIMIZATION_LEVEL = 0;
				GCC_PREPROCESSOR_DEFINITIONS = (
					"DEBUG=1",
					"$(inherited)",
				);
				GCC_WARN_64_TO_32_BIT_CONVERSION = YES;
				GCC_WARN_ABOUT_RETURN_TYPE = YES_ERROR;
				GCC_WARN_UNDECLARED_SELECTOR = YES;
				GCC_WARN_UNINITIALIZED_AUTOS = YES_AGGRESSIVE;
				GCC_WARN_UNUSED_FUNCTION = YES;
				GCC_WARN_UNUSED_VARIABLE = YES;
				MACOSX_DEPLOYMENT_TARGET = 10.14;
				MTL_ENABLE_DEBUG_INFO = INCLUDE_SOURCE;
				MTL_FAST_MATH = YES;
				ONLY_ACTIVE_ARCH = YES;
				SDKROOT = macosx;
			};
			name = Debug;
		};
		A602727223966B71009D6D49 /* Release */ = {
			isa = XCBuildConfiguration;
			buildSettings = {
				ALWAYS_SEARCH_USER_PATHS = NO;
				CLANG_ANALYZER_NONNULL = YES;
				CLANG_ANALYZER_NUMBER_OBJECT_CONVERSION = YES_AGGRESSIVE;
				CLANG_CXX_LANGUAGE_STANDARD = "gnu++14";
				CLANG_CXX_LIBRARY = "libc++";
				CLANG_ENABLE_MODULES = YES;
				CLANG_ENABLE_OBJC_ARC = YES;
				CLANG_ENABLE_OBJC_WEAK = YES;
				CLANG_WARN_BLOCK_CAPTURE_AUTORELEASING = YES;
				CLANG_WARN_BOOL_CONVERSION = YES;
				CLANG_WARN_COMMA = YES;
				CLANG_WARN_CONSTANT_CONVERSION = YES;
				CLANG_WARN_DEPRECATED_OBJC_IMPLEMENTATIONS = YES;
				CLANG_WARN_DIRECT_OBJC_ISA_USAGE = YES_ERROR;
				CLANG_WARN_DOCUMENTATION_COMMENTS = YES;
				CLANG_WARN_EMPTY_BODY = YES;
				CLANG_WARN_ENUM_CONVERSION = YES;
				CLANG_WARN_INFINITE_RECURSION = YES;
				CLANG_WARN_INT_CONVERSION = YES;
				CLANG_WARN_NON_LITERAL_NULL_CONVERSION = YES;
				CLANG_WARN_OBJC_IMPLICIT_RETAIN_SELF = YES;
				CLANG_WARN_OBJC_LITERAL_CONVERSION = YES;
				CLANG_WARN_OBJC_ROOT_CLASS = YES_ERROR;
				CLANG_WARN_RANGE_LOOP_ANALYSIS = YES;
				CLANG_WARN_STRICT_PROTOTYPES = YES;
				CLANG_WARN_SUSPICIOUS_MOVE = YES;
				CLANG_WARN_UNGUARDED_AVAILABILITY = YES_AGGRESSIVE;
				CLANG_WARN_UNREACHABLE_CODE = YES;
				CLANG_WARN__DUPLICATE_METHOD_MATCH = YES;
				COPY_PHASE_STRIP = NO;
				DEBUG_INFORMATION_FORMAT = "dwarf-with-dsym";
				ENABLE_NS_ASSERTIONS = NO;
				ENABLE_STRICT_OBJC_MSGSEND = YES;
				GCC_C_LANGUAGE_STANDARD = gnu11;
				GCC_NO_COMMON_BLOCKS = YES;
				GCC_WARN_64_TO_32_BIT_CONVERSION = YES;
				GCC_WARN_ABOUT_RETURN_TYPE = YES_ERROR;
				GCC_WARN_UNDECLARED_SELECTOR = YES;
				GCC_WARN_UNINITIALIZED_AUTOS = YES_AGGRESSIVE;
				GCC_WARN_UNUSED_FUNCTION = YES;
				GCC_WARN_UNUSED_VARIABLE = YES;
				MACOSX_DEPLOYMENT_TARGET = 10.14;
				MTL_ENABLE_DEBUG_INFO = NO;
				MTL_FAST_MATH = YES;
				SDKROOT = macosx;
			};
			name = Release;
		};
		A602727423966B71009D6D49 /* Debug */ = {
			isa = XCBuildConfiguration;
			baseConfigurationReference = 3DF666BF14686A51C4310881 /* Pods-WebRTC Player.debug.xcconfig */;
			buildSettings = {
				ASSETCATALOG_COMPILER_APPICON_NAME = AppIcon;
				CODE_SIGN_ENTITLEMENTS = "WebRTC Player/WebRTC_Player.entitlements";
				CODE_SIGN_STYLE = Automatic;
				COMBINE_HIDPI_IMAGES = YES;
				FRAMEWORK_SEARCH_PATHS = (
					"/Users/rudolfs/Git/webrtc-checkout/src/out/${CONFIGURATION}",
					"$(inherited)",
				);
				INFOPLIST_FILE = "WebRTC Player/Info.plist";
				LD_RUNPATH_SEARCH_PATHS = (
					"$(inherited)",
					"@executable_path/../Frameworks",
					"/Users/rudolfs/Git/webrtc-checkout/src/out/${CONFIGURATION}",
				);
				PRODUCT_BUNDLE_IDENTIFIER = "com.rubu.WebRTC-Player";
				PRODUCT_NAME = "$(TARGET_NAME)";
			};
			name = Debug;
		};
		A602727523966B71009D6D49 /* Release */ = {
			isa = XCBuildConfiguration;
			baseConfigurationReference = 288F209C535B93C8C7750506 /* Pods-WebRTC Player.release.xcconfig */;
			buildSettings = {
				ASSETCATALOG_COMPILER_APPICON_NAME = AppIcon;
				CODE_SIGN_ENTITLEMENTS = "WebRTC Player/WebRTC_Player.entitlements";
				CODE_SIGN_STYLE = Automatic;
				COMBINE_HIDPI_IMAGES = YES;
				FRAMEWORK_SEARCH_PATHS = (
					"/Users/rudolfs/Git/webrtc-checkout/src/out/${CONFIGURATION}",
					"$(inherited)",
				);
				INFOPLIST_FILE = "WebRTC Player/Info.plist";
				LD_RUNPATH_SEARCH_PATHS = (
					"$(inherited)",
					"@executable_path/../Frameworks",
					"/Users/rudolfs/Git/webrtc-checkout/src/out/${CONFIGURATION}",
				);
				PRODUCT_BUNDLE_IDENTIFIER = "com.rubu.WebRTC-Player";
				PRODUCT_NAME = "$(TARGET_NAME)";
			};
			name = Release;
		};
/* End XCBuildConfiguration section */

/* Begin XCConfigurationList section */
		A602725D23966B6F009D6D49 /* Build configuration list for PBXProject "WebRTC Player" */ = {
			isa = XCConfigurationList;
			buildConfigurations = (
				A602727123966B71009D6D49 /* Debug */,
				A602727223966B71009D6D49 /* Release */,
			);
			defaultConfigurationIsVisible = 0;
			defaultConfigurationName = Release;
		};
		A602727323966B71009D6D49 /* Build configuration list for PBXNativeTarget "WebRTC Player" */ = {
			isa = XCConfigurationList;
			buildConfigurations = (
				A602727423966B71009D6D49 /* Debug */,
				A602727523966B71009D6D49 /* Release */,
			);
			defaultConfigurationIsVisible = 0;
			defaultConfigurationName = Release;
		};
/* End XCConfigurationList section */
	};
	rootObject = A602725A23966B6F009D6D49 /* Project object */;
}
